{
  "name": "browser-tools-mcp",
  "version": "1.0.0",
  "lockfileVersion": 3,
  "requires": true,
  "packages": {
    "": {
      "name": "browser-tools-mcp",
      "version": "1.0.0",
      "dependencies": {
        "browser-tools-mcp": "github:oenius/browser-tools-mcp"
      }
    },
    "node_modules/browser-tools-mcp": {
      "version": "1.0.0",
      "resolved": "git+ssh://git@github.com/oenius/browser-tools-mcp.git#7ad33d523bacf5738b8b852b74e590683fb214c3"
    }
  }
}
